
Microsoft Visual Studio Solution File, Format Version 12.00
# Visual Studio Version 16
VisualStudioVersion = 16.0.32106.194
MinimumVisualStudioVersion = 10.0.40219.1
Project("{FAE04EC0-301F-11D3-BF4B-00C04F79EFBC}") = "DivideAndMaximize.Test", "DivideAndMaximize.Test\DivideAndMaximize.Test.csproj", "{18429905-4EBC-4FF4-91FC-97B26DEF2EF9}"
EndProject
Project("{FAE04EC0-301F-11D3-BF4B-00C04F79EFBC}") = "DivideAndMaximize.App", "DivideAndMaximize.App\DivideAndMaximize.App.csproj", "{978C3162-060C-4F68-8757-1C1571D269D4}"
EndProject
Global
	GlobalSection(SolutionConfigurationPlatforms) = preSolution
		Debug|Any CPU = Debug|Any CPU
		Release|Any CPU = Release|Any CPU
	EndGlobalSection
	GlobalSection(ProjectConfigurationPlatforms) = postSolution
		{18429905-4EBC-4FF4-91FC-97B26DEF2EF9}.Debug|Any CPU.ActiveCfg = Debug|Any CPU
		{18429905-4EBC-4FF4-91FC-97B26DEF2EF9}.Debug|Any CPU.Build.0 = Debug|Any CPU
		{18429905-4EBC-4FF4-91FC-97B26DEF2EF9}.Release|Any CPU.ActiveCfg = Release|Any CPU
		{18429905-4EBC-4FF4-91FC-97B26DEF2EF9}.Release|Any CPU.Build.0 = Release|Any CPU
		{978C3162-060C-4F68-8757-1C1571D269D4}.Debug|Any CPU.ActiveCfg = Debug|Any CPU
		{978C3162-060C-4F68-8757-1C1571D269D4}.Debug|Any CPU.Build.0 = Debug|Any CPU
		{978C3162-060C-4F68-8757-1C1571D269D4}.Release|Any CPU.ActiveCfg = Release|Any CPU
		{978C3162-060C-4F68-8757-1C1571D269D4}.Release|Any CPU.Build.0 = Release|Any CPU
	EndGlobalSection
	GlobalSection(SolutionProperties) = preSolution
		HideSolutionNode = FALSE
	EndGlobalSection
	GlobalSection(ExtensibilityGlobals) = postSolution
		SolutionGuid = {0E1D1B07-678A-4A49-8528-E2AB5EB0F051}
	EndGlobalSection
EndGlobal
